
Microsoft Visual Studio Solution File, Format Version 12.00
# Visual Studio 15
VisualStudioVersion = 15.0.28307.168
MinimumVisualStudioVersion = 10.0.40219.1
Project("{FAE04EC0-301F-11D3-BF4B-00C04F79EFBC}") = "MD_Api", "MD_Api\MD_Api.csproj", "{2721BF3B-8412-4ECA-94DB-D87DD731C317}"
EndProject
Global
	GlobalSection(SolutionConfigurationPlatforms) = preSolution
		Debug|Any CPU = Debug|Any CPU
		Release|Any CPU = Release|Any CPU
	EndGlobalSection
	GlobalSection(ProjectConfigurationPlatforms) = postSolution
		{2721BF3B-8412-4ECA-94DB-D87DD731C317}.Debug|Any CPU.ActiveCfg = Debug|Any CPU
		{2721BF3B-8412-4ECA-94DB-D87DD731C317}.Debug|Any CPU.Build.0 = Debug|Any CPU
		{2721BF3B-8412-4ECA-94DB-D87DD731C317}.Release|Any CPU.ActiveCfg = Release|Any CPU
		{2721BF3B-8412-4ECA-94DB-D87DD731C317}.Release|Any CPU.Build.0 = Release|Any CPU
	EndGlobalSection
	GlobalSection(SolutionProperties) = preSolution
		HideSolutionNode = FALSE
	EndGlobalSection
	GlobalSection(ExtensibilityGlobals) = postSolution
		SolutionGuid = {843A1032-0772-41A7-BFD9-78E5DDB6D87C}
	EndGlobalSection
EndGlobal
